
Microsoft Visual Studio Solution File, Format Version 12.00
# Visual Studio 15
Project("{FAE04EC0-301F-11D3-BF4B-00C04F79EFBC}") = "Grower", "Assembly-CSharp.csproj", "{83C6BBB3-B606-970A-98FF-B2A2C7233963}"
EndProject
Project("{FAE04EC0-301F-11D3-BF4B-00C04F79EFBC}") = "Grower", "Assembly-CSharp-firstpass.csproj", "{11AB17FE-9133-F246-F241-68C5F74F6EE6}"
EndProject
Global
	GlobalSection(SolutionConfigurationPlatforms) = preSolution
		Debug|Any CPU = Debug|Any CPU
		Release|Any CPU = Release|Any CPU
	EndGlobalSection
	GlobalSection(ProjectConfigurationPlatforms) = postSolution
		{83C6BBB3-B606-970A-98FF-B2A2C7233963}.Debug|Any CPU.ActiveCfg = Debug|Any CPU
		{83C6BBB3-B606-970A-98FF-B2A2C7233963}.Debug|Any CPU.Build.0 = Debug|Any CPU
		{83C6BBB3-B606-970A-98FF-B2A2C7233963}.Release|Any CPU.ActiveCfg = Release|Any CPU
		{83C6BBB3-B606-970A-98FF-B2A2C7233963}.Release|Any CPU.Build.0 = Release|Any CPU
		{11AB17FE-9133-F246-F241-68C5F74F6EE6}.Debug|Any CPU.ActiveCfg = Debug|Any CPU
		{11AB17FE-9133-F246-F241-68C5F74F6EE6}.Debug|Any CPU.Build.0 = Debug|Any CPU
		{11AB17FE-9133-F246-F241-68C5F74F6EE6}.Release|Any CPU.ActiveCfg = Release|Any CPU
		{11AB17FE-9133-F246-F241-68C5F74F6EE6}.Release|Any CPU.Build.0 = Release|Any CPU
	EndGlobalSection
	GlobalSection(SolutionProperties) = preSolution
		HideSolutionNode = FALSE
	EndGlobalSection
EndGlobal
